
Microsoft Visual Studio Solution File, Format Version 12.00
# Visual Studio Version 17
VisualStudioVersion = 17.13.35825.156 d17.13
MinimumVisualStudioVersion = 10.0.40219.1
Project("{2150E333-8FDC-42A3-9474-1A3956D46DE8}") = "src", "src", "{02EA681E-C7D8-13C7-8484-4AC65E1B71E8}"
EndProject
Project("{2150E333-8FDC-42A3-9474-1A3956D46DE8}") = "test", "test", "{323B15F9-DC72-4D38-8856-793E3A5D6889}"
EndProject
Project("{2150E333-8FDC-42A3-9474-1A3956D46DE8}") = "API", "API", "{A35A6A2A-7CB7-4671-8B7D-320302101090}"
EndProject
Project("{2150E333-8FDC-42A3-9474-1A3956D46DE8}") = "Core", "Core", "{777DE8DC-6994-43EA-B0D8-440A508632EA}"
EndProject
Project("{2150E333-8FDC-42A3-9474-1A3956D46DE8}") = "Infrastructure", "Infrastructure", "{8AAE96BE-3F65-405F-B9CF-B32BE5F3F8B6}"
EndProject
Project("{2150E333-8FDC-42A3-9474-1A3956D46DE8}") = "UI", "UI", "{4D29B0E0-2EA3-45EB-885E-0CA565067074}"
EndProject
Project("{FAE04EC0-301F-11D3-BF4B-00C04F79EFBC}") = "HR.LeaveManagement.Domain", "HR.LeaveManagement.Domain\HR.LeaveManagement.Domain.csproj", "{3FDE3348-3EEE-4C05-8EEC-432090AE8AE4}"
EndProject
Project("{FAE04EC0-301F-11D3-BF4B-00C04F79EFBC}") = "HR.LeaveManagement.Application", "HR.LeaveManagement.Application\HR.LeaveManagement.Application.csproj", "{9D5F7A47-F83E-41D0-B1A1-4B54427AD4DC}"
EndProject
Global
	GlobalSection(SolutionConfigurationPlatforms) = preSolution
		Debug|Any CPU = Debug|Any CPU
		Release|Any CPU = Release|Any CPU
	EndGlobalSection
	GlobalSection(ProjectConfigurationPlatforms) = postSolution
		{3FDE3348-3EEE-4C05-8EEC-432090AE8AE4}.Debug|Any CPU.ActiveCfg = Debug|Any CPU
		{3FDE3348-3EEE-4C05-8EEC-432090AE8AE4}.Debug|Any CPU.Build.0 = Debug|Any CPU
		{3FDE3348-3EEE-4C05-8EEC-432090AE8AE4}.Release|Any CPU.ActiveCfg = Release|Any CPU
		{3FDE3348-3EEE-4C05-8EEC-432090AE8AE4}.Release|Any CPU.Build.0 = Release|Any CPU
		{9D5F7A47-F83E-41D0-B1A1-4B54427AD4DC}.Debug|Any CPU.ActiveCfg = Debug|Any CPU
		{9D5F7A47-F83E-41D0-B1A1-4B54427AD4DC}.Debug|Any CPU.Build.0 = Debug|Any CPU
		{9D5F7A47-F83E-41D0-B1A1-4B54427AD4DC}.Release|Any CPU.ActiveCfg = Release|Any CPU
		{9D5F7A47-F83E-41D0-B1A1-4B54427AD4DC}.Release|Any CPU.Build.0 = Release|Any CPU
	EndGlobalSection
	GlobalSection(SolutionProperties) = preSolution
		HideSolutionNode = FALSE
	EndGlobalSection
	GlobalSection(NestedProjects) = preSolution
		{A35A6A2A-7CB7-4671-8B7D-320302101090} = {02EA681E-C7D8-13C7-8484-4AC65E1B71E8}
		{777DE8DC-6994-43EA-B0D8-440A508632EA} = {02EA681E-C7D8-13C7-8484-4AC65E1B71E8}
		{8AAE96BE-3F65-405F-B9CF-B32BE5F3F8B6} = {02EA681E-C7D8-13C7-8484-4AC65E1B71E8}
		{4D29B0E0-2EA3-45EB-885E-0CA565067074} = {02EA681E-C7D8-13C7-8484-4AC65E1B71E8}
		{3FDE3348-3EEE-4C05-8EEC-432090AE8AE4} = {777DE8DC-6994-43EA-B0D8-440A508632EA}
		{9D5F7A47-F83E-41D0-B1A1-4B54427AD4DC} = {777DE8DC-6994-43EA-B0D8-440A508632EA}
	EndGlobalSection
	GlobalSection(ExtensibilityGlobals) = postSolution
		SolutionGuid = {3C9DCAC5-747A-4441-AB7B-F16AB400CEC2}
	EndGlobalSection
EndGlobal
